// !$*UTF8*$!
{
	archiveVersion = 1;
	classes = {
	};
	objectVersion = 48;
	objects = {

/* Begin PBXBuildFile section */
		6D1CE435202D2ED80086F905 /* DataModel.xcdatamodeld in Sources */ = {isa = PBXBuildFile; fileRef = 6D1CE433202D2ED80086F905 /* DataModel.xcdatamodeld */; };
		6DAF872E2027EDDE00E3A0FC /* AppDelegate.swift in Sources */ = {isa = PBXBuildFile; fileRef = 6DAF872D2027EDDE00E3A0FC /* AppDelegate.swift */; };
		6DAF87302027EDDE00E3A0FC /* TodolieeVC.swift in Sources */ = {isa = PBXBuildFile; fileRef = 6DAF872F2027EDDE00E3A0FC /* TodolieeVC.swift */; };
		6DAF87332027EDDE00E3A0FC /* Main.storyboard in Resources */ = {isa = PBXBuildFile; fileRef = 6DAF87312027EDDE00E3A0FC /* Main.storyboard */; };
		6DAF87352027EDDE00E3A0FC /* Assets.xcassets in Resources */ = {isa = PBXBuildFile; fileRef = 6DAF87342027EDDE00E3A0FC /* Assets.xcassets */; };
		6DAF87382027EDDE00E3A0FC /* LaunchScreen.storyboard in Resources */ = {isa = PBXBuildFile; fileRef = 6DAF87362027EDDE00E3A0FC /* LaunchScreen.storyboard */; };
		6DFC830720379E3300958C9A /* CategoryViewController.swift in Sources */ = {isa = PBXBuildFile; fileRef = 6DFC830620379E3300958C9A /* CategoryViewController.swift */; };
/* End PBXBuildFile section */

/* Begin PBXFileReference section */
		6D1CE434202D2ED80086F905 /* DataModel.xcdatamodel */ = {isa = PBXFileReference; lastKnownFileType = wrapper.xcdatamodel; path = DataModel.xcdatamodel; sourceTree = "<group>"; };
		6DAF872A2027EDDE00E3A0FC /* Todoliee.app */ = {isa = PBXFileReference; explicitFileType = wrapper.application; includeInIndex = 0; path = Todoliee.app; sourceTree = BUILT_PRODUCTS_DIR; };
		6DAF872D2027EDDE00E3A0FC /* AppDelegate.swift */ = {isa = PBXFileReference; lastKnownFileType = sourcecode.swift; path = AppDelegate.swift; sourceTree = "<group>"; };
		6DAF872F2027EDDE00E3A0FC /* TodolieeVC.swift */ = {isa = PBXFileReference; lastKnownFileType = sourcecode.swift; path = TodolieeVC.swift; sourceTree = "<group>"; };
		6DAF87322027EDDE00E3A0FC /* Base */ = {isa = PBXFileReference; lastKnownFileType = file.storyboard; name = Base; path = Base.lproj/Main.storyboard; sourceTree = "<group>"; };
		6DAF87342027EDDE00E3A0FC /* Assets.xcassets */ = {isa = PBXFileReference; lastKnownFileType = folder.assetcatalog; path = Assets.xcassets; sourceTree = "<group>"; };
		6DAF87372027EDDE00E3A0FC /* Base */ = {isa = PBXFileReference; lastKnownFileType = file.storyboard; name = Base; path = Base.lproj/LaunchScreen.storyboard; sourceTree = "<group>"; };
		6DAF87392027EDDE00E3A0FC /* Info.plist */ = {isa = PBXFileReference; lastKnownFileType = text.plist.xml; path = Info.plist; sourceTree = "<group>"; };
		6DFC830620379E3300958C9A /* CategoryViewController.swift */ = {isa = PBXFileReference; lastKnownFileType = sourcecode.swift; path = CategoryViewController.swift; sourceTree = "<group>"; };
/* End PBXFileReference section */

/* Begin PBXFrameworksBuildPhase section */
		6DAF87272027EDDE00E3A0FC /* Frameworks */ = {
			isa = PBXFrameworksBuildPhase;
			buildActionMask = 2147483647;
			files = (
			);
			runOnlyForDeploymentPostprocessing = 0;
		};
/* End PBXFrameworksBuildPhase section */

/* Begin PBXGroup section */
		6DAF87212027EDDD00E3A0FC = {
			isa = PBXGroup;
			children = (
				6DAF872C2027EDDE00E3A0FC /* Todoliee */,
				6DAF872B2027EDDE00E3A0FC /* Products */,
			);
			sourceTree = "<group>";
		};
		6DAF872B2027EDDE00E3A0FC /* Products */ = {
			isa = PBXGroup;
			children = (
				6DAF872A2027EDDE00E3A0FC /* Todoliee.app */,
			);
			name = Products;
			sourceTree = "<group>";
		};
		6DAF872C2027EDDE00E3A0FC /* Todoliee */ = {
			isa = PBXGroup;
			children = (
				6DAF872D2027EDDE00E3A0FC /* AppDelegate.swift */,
				6DAF873F202BD02900E3A0FC /* Model */,
				6DAF8742202BD0FC00E3A0FC /* Controllers */,
				6DAF8743202BD11200E3A0FC /* Views */,
				6DAF8744202BD12C00E3A0FC /* Supporting Files */,
				6DAF87392027EDDE00E3A0FC /* Info.plist */,
			);
			path = Todoliee;
			sourceTree = "<group>";
		};
		6DAF873F202BD02900E3A0FC /* Model */ = {
			isa = PBXGroup;
			children = (
				6D1CE433202D2ED80086F905 /* DataModel.xcdatamodeld */,
			);
			path = Model;
			sourceTree = "<group>";
		};
		6DAF8742202BD0FC00E3A0FC /* Controllers */ = {
			isa = PBXGroup;
			children = (
				6DFC830620379E3300958C9A /* CategoryViewController.swift */,
				6DAF872F2027EDDE00E3A0FC /* TodolieeVC.swift */,
			);
			path = Controllers;
			sourceTree = "<group>";
		};
		6DAF8743202BD11200E3A0FC /* Views */ = {
			isa = PBXGroup;
			children = (
				6DAF87312027EDDE00E3A0FC /* Main.storyboard */,
			);
			path = Views;
			sourceTree = "<group>";
		};
		6DAF8744202BD12C00E3A0FC /* Supporting Files */ = {
			isa = PBXGroup;
			children = (
				6DAF87342027EDDE00E3A0FC /* Assets.xcassets */,
				6DAF87362027EDDE00E3A0FC /* LaunchScreen.storyboard */,
			);
			path = "Supporting Files";
			sourceTree = "<group>";
		};
/* End PBXGroup section */

/* Begin PBXNativeTarget section */
		6DAF87292027EDDE00E3A0FC /* Todoliee */ = {
			isa = PBXNativeTarget;
			buildConfigurationList = 6DAF873C2027EDDE00E3A0FC /* Build configuration list for PBXNativeTarget "Todoliee" */;
			buildPhases = (
				6DAF87262027EDDE00E3A0FC /* Sources */,
				6DAF87272027EDDE00E3A0FC /* Frameworks */,
				6DAF87282027EDDE00E3A0FC /* Resources */,
			);
			buildRules = (
			);
			dependencies = (
			);
			name = Todoliee;
			productName = Todoliee;
			productReference = 6DAF872A2027EDDE00E3A0FC /* Todoliee.app */;
			productType = "com.apple.product-type.application";
		};
/* End PBXNativeTarget section */

/* Begin PBXProject section */
		6DAF87222027EDDD00E3A0FC /* Project object */ = {
			isa = PBXProject;
			attributes = {
				LastSwiftUpdateCheck = 0920;
				LastUpgradeCheck = 0920;
				ORGANIZATIONNAME = Bob;
				TargetAttributes = {
					6DAF87292027EDDE00E3A0FC = {
						CreatedOnToolsVersion = 9.2;
						ProvisioningStyle = Automatic;
					};
				};
			};
			buildConfigurationList = 6DAF87252027EDDD00E3A0FC /* Build configuration list for PBXProject "Todoliee" */;
			compatibilityVersion = "Xcode 8.0";
			developmentRegion = en;
			hasScannedForEncodings = 0;
			knownRegions = (
				en,
				Base,
			);
			mainGroup = 6DAF87212027EDDD00E3A0FC;
			productRefGroup = 6DAF872B2027EDDE00E3A0FC /* Products */;
			projectDirPath = "";
			projectRoot = "";
			targets = (
				6DAF87292027EDDE00E3A0FC /* Todoliee */,
			);
		};
/* End PBXProject section */

/* Begin PBXResourcesBuildPhase section */
		6DAF87282027EDDE00E3A0FC /* Resources */ = {
			isa = PBXResourcesBuildPhase;
			buildActionMask = 2147483647;
			files = (
				6DAF87382027EDDE00E3A0FC /* LaunchScreen.storyboard in Resources */,
				6DAF87352027EDDE00E3A0FC /* Assets.xcassets in Resources */,
				6DAF87332027EDDE00E3A0FC /* Main.storyboard in Resources */,
			);
			runOnlyForDeploymentPostprocessing = 0;
		};
/* End PBXResourcesBuildPhase section */

/* Begin PBXSourcesBuildPhase section */
		6DAF87262027EDDE00E3A0FC /* Sources */ = {
			isa = PBXSourcesBuildPhase;
			buildActionMask = 2147483647;
			files = (
				6DFC830720379E3300958C9A /* CategoryViewController.swift in Sources */,
				6DAF87302027EDDE00E3A0FC /* TodolieeVC.swift in Sources */,
				6D1CE435202D2ED80086F905 /* DataModel.xcdatamodeld in Sources */,
				6DAF872E2027EDDE00E3A0FC /* AppDelegate.swift in Sources */,
			);
			runOnlyForDeploymentPostprocessing = 0;
		};
/* End PBXSourcesBuildPhase section */

/* Begin PBXVariantGroup section */
		6DAF87312027EDDE00E3A0FC /* Main.storyboard */ = {
			isa = PBXVariantGroup;
			children = (
				6DAF87322027EDDE00E3A0FC /* Base */,
			);
			name = Main.storyboard;
			sourceTree = "<group>";
		};
		6DAF87362027EDDE00E3A0FC /* LaunchScreen.storyboard */ = {
			isa = PBXVariantGroup;
			children = (
				6DAF87372027EDDE00E3A0FC /* Base */,
			);
			name = LaunchScreen.storyboard;
			sourceTree = "<group>";
		};
/* End PBXVariantGroup section */

/* Begin XCBuildConfiguration section */
		6DAF873A2027EDDE00E3A0FC /* Debug */ = {
			isa = XCBuildConfiguration;
			buildSettings = {
				ALWAYS_SEARCH_USER_PATHS = NO;
				CLANG_ANALYZER_NONNULL = YES;
				CLANG_ANALYZER_NUMBER_OBJECT_CONVERSION = YES_AGGRESSIVE;
				CLANG_CXX_LANGUAGE_STANDARD = "gnu++14";
				CLANG_CXX_LIBRARY = "libc++";
				CLANG_ENABLE_MODULES = YES;
				CLANG_ENABLE_OBJC_ARC = YES;
				CLANG_WARN_BLOCK_CAPTURE_AUTORELEASING = YES;
				CLANG_WARN_BOOL_CONVERSION = YES;
				CLANG_WARN_COMMA = YES;
				CLANG_WARN_CONSTANT_CONVERSION = YES;
				CLANG_WARN_DIRECT_OBJC_ISA_USAGE = YES_ERROR;
				CLANG_WARN_DOCUMENTATION_COMMENTS = YES;
				CLANG_WARN_EMPTY_BODY = YES;
				CLANG_WARN_ENUM_CONVERSION = YES;
				CLANG_WARN_INFINITE_RECURSION = YES;
				CLANG_WARN_INT_CONVERSION = YES;
				CLANG_WARN_NON_LITERAL_NULL_CONVERSION = YES;
				CLANG_WARN_OBJC_LITERAL_CONVERSION = YES;
				CLANG_WARN_OBJC_ROOT_CLASS = YES_ERROR;
				CLANG_WARN_RANGE_LOOP_ANALYSIS = YES;
				CLANG_WARN_STRICT_PROTOTYPES = YES;
				CLANG_WARN_SUSPICIOUS_MOVE = YES;
				CLANG_WARN_UNGUARDED_AVAILABILITY = YES_AGGRESSIVE;
				CLANG_WARN_UNREACHABLE_CODE = YES;
				CLANG_WARN__DUPLICATE_METHOD_MATCH = YES;
				CODE_SIGN_IDENTITY = "iPhone Developer";
				COPY_PHASE_STRIP = NO;
				DEBUG_INFORMATION_FORMAT = dwarf;
				ENABLE_STRICT_OBJC_MSGSEND = YES;
				ENABLE_TESTABILITY = YES;
				GCC_C_LANGUAGE_STANDARD = gnu11;
				GCC_DYNAMIC_NO_PIC = NO;
				GCC_NO_COMMON_BLOCKS = YES;
				GCC_OPTIMIZATION_LEVEL = 0;
				GCC_PREPROCESSOR_DEFINITIONS = (
					"DEBUG=1",
					"$(inherited)",
				);
				GCC_WARN_64_TO_32_BIT_CONVERSION = YES;
				GCC_WARN_ABOUT_RETURN_TYPE = YES_ERROR;
				GCC_WARN_UNDECLARED_SELECTOR = YES;
				GCC_WARN_UNINITIALIZED_AUTOS = YES_AGGRESSIVE;
				GCC_WARN_UNUSED_FUNCTION = YES;
				GCC_WARN_UNUSED_VARIABLE = YES;
				IPHONEOS_DEPLOYMENT_TARGET = 11.2;
				MTL_ENABLE_DEBUG_INFO = YES;
				ONLY_ACTIVE_ARCH = YES;
				SDKROOT = iphoneos;
				SWIFT_ACTIVE_COMPILATION_CONDITIONS = DEBUG;
				SWIFT_OPTIMIZATION_LEVEL = "-Onone";
			};
			name = Debug;
		};
		6DAF873B2027EDDE00E3A0FC /* Release */ = {
			isa = XCBuildConfiguration;
			buildSettings = {
				ALWAYS_SEARCH_USER_PATHS = NO;
				CLANG_ANALYZER_NONNULL = YES;
				CLANG_ANALYZER_NUMBER_OBJECT_CONVERSION = YES_AGGRESSIVE;
				CLANG_CXX_LANGUAGE_STANDARD = "gnu++14";
				CLANG_CXX_LIBRARY = "libc++";
				CLANG_ENABLE_MODULES = YES;
				CLANG_ENABLE_OBJC_ARC = YES;
				CLANG_WARN_BLOCK_CAPTURE_AUTORELEASING = YES;
				CLANG_WARN_BOOL_CONVERSION = YES;
				CLANG_WARN_COMMA = YES;
				CLANG_WARN_CONSTANT_CONVERSION = YES;
				CLANG_WARN_DIRECT_OBJC_ISA_USAGE = YES_ERROR;
				CLANG_WARN_DOCUMENTATION_COMMENTS = YES;
				CLANG_WARN_EMPTY_BODY = YES;
				CLANG_WARN_ENUM_CONVERSION = YES;
				CLANG_WARN_INFINITE_RECURSION = YES;
				CLANG_WARN_INT_CONVERSION = YES;
				CLANG_WARN_NON_LITERAL_NULL_CONVERSION = YES;
				CLANG_WARN_OBJC_LITERAL_CONVERSION = YES;
				CLANG_WARN_OBJC_ROOT_CLASS = YES_ERROR;
				CLANG_WARN_RANGE_LOOP_ANALYSIS = YES;
				CLANG_WARN_STRICT_PROTOTYPES = YES;
				CLANG_WARN_SUSPICIOUS_MOVE = YES;
				CLANG_WARN_UNGUARDED_AVAILABILITY = YES_AGGRESSIVE;
				CLANG_WARN_UNREACHABLE_CODE = YES;
				CLANG_WARN__DUPLICATE_METHOD_MATCH = YES;
				CODE_SIGN_IDENTITY = "iPhone Developer";
				COPY_PHASE_STRIP = NO;
				DEBUG_INFORMATION_FORMAT = "dwarf-with-dsym";
				ENABLE_NS_ASSERTIONS = NO;
				ENABLE_STRICT_OBJC_MSGSEND = YES;
				GCC_C_LANGUAGE_STANDARD = gnu11;
				GCC_NO_COMMON_BLOCKS = YES;
				GCC_WARN_64_TO_32_BIT_CONVERSION = YES;
				GCC_WARN_ABOUT_RETURN_TYPE = YES_ERROR;
				GCC_WARN_UNDECLARED_SELECTOR = YES;
				GCC_WARN_UNINITIALIZED_AUTOS = YES_AGGRESSIVE;
				GCC_WARN_UNUSED_FUNCTION = YES;
				GCC_WARN_UNUSED_VARIABLE = YES;
				IPHONEOS_DEPLOYMENT_TARGET = 11.2;
				MTL_ENABLE_DEBUG_INFO = NO;
				SDKROOT = iphoneos;
				SWIFT_OPTIMIZATION_LEVEL = "-Owholemodule";
				VALIDATE_PRODUCT = YES;
			};
			name = Release;
		};
		6DAF873D2027EDDE00E3A0FC /* Debug */ = {
			isa = XCBuildConfiguration;
			buildSettings = {
				ASSETCATALOG_COMPILER_APPICON_NAME = AppIcon;
				CODE_SIGN_STYLE = Automatic;
				INFOPLIST_FILE = Todoliee/Info.plist;
				LD_RUNPATH_SEARCH_PATHS = "$(inherited) @executable_path/Frameworks";
				PRODUCT_BUNDLE_IDENTIFIER = com.bddb.fra.Todoliee;
				PRODUCT_NAME = "$(TARGET_NAME)";
				SWIFT_VERSION = 4.0;
				TARGETED_DEVICE_FAMILY = "1,2";
			};
			name = Debug;
		};
		6DAF873E2027EDDE00E3A0FC /* Release */ = {
			isa = XCBuildConfiguration;
			buildSettings = {
				ASSETCATALOG_COMPILER_APPICON_NAME = AppIcon;
				CODE_SIGN_STYLE = Automatic;
				INFOPLIST_FILE = Todoliee/Info.plist;
				LD_RUNPATH_SEARCH_PATHS = "$(inherited) @executable_path/Frameworks";
				PRODUCT_BUNDLE_IDENTIFIER = com.bddb.fra.Todoliee;
				PRODUCT_NAME = "$(TARGET_NAME)";
				SWIFT_VERSION = 4.0;
				TARGETED_DEVICE_FAMILY = "1,2";
			};
			name = Release;
		};
/* End XCBuildConfiguration section */

/* Begin XCConfigurationList section */
		6DAF87252027EDDD00E3A0FC /* Build configuration list for PBXProject "Todoliee" */ = {
			isa = XCConfigurationList;
			buildConfigurations = (
				6DAF873A2027EDDE00E3A0FC /* Debug */,
				6DAF873B2027EDDE00E3A0FC /* Release */,
			);
			defaultConfigurationIsVisible = 0;
			defaultConfigurationName = Release;
		};
		6DAF873C2027EDDE00E3A0FC /* Build configuration list for PBXNativeTarget "Todoliee" */ = {
			isa = XCConfigurationList;
			buildConfigurations = (
				6DAF873D2027EDDE00E3A0FC /* Debug */,
				6DAF873E2027EDDE00E3A0FC /* Release */,
			);
			defaultConfigurationIsVisible = 0;
			defaultConfigurationName = Release;
		};
/* End XCConfigurationList section */

/* Begin XCVersionGroup section */
		6D1CE433202D2ED80086F905 /* DataModel.xcdatamodeld */ = {
			isa = XCVersionGroup;
			children = (
				6D1CE434202D2ED80086F905 /* DataModel.xcdatamodel */,
			);
			currentVersion = 6D1CE434202D2ED80086F905 /* DataModel.xcdatamodel */;
			path = DataModel.xcdatamodeld;
			sourceTree = "<group>";
			versionGroupType = wrapper.xcdatamodel;
		};
/* End XCVersionGroup section */
	};
	rootObject = 6DAF87222027EDDD00E3A0FC /* Project object */;
}
